
Microsoft Visual Studio Solution File, Format Version 12.00
# Visual Studio 15
Project("{FAE04EC0-301F-11D3-BF4B-00C04F79EFBC}") = "IndoorPositioning", "IndoorPositioning\IndoorPositioning.csproj", "{7283F033-FCE5-4D1B-AA9B-303EE6F511A4}"
EndProject
Global
	GlobalSection(SolutionConfigurationPlatforms) = preSolution
		Debug|anycpu = Debug|anycpu
		Release|anycpu = Release|anycpu
	EndGlobalSection
	GlobalSection(ProjectConfigurationPlatforms) = postSolution
		{7283F033-FCE5-4D1B-AA9B-303EE6F511A4}.Debug|anycpu.ActiveCfg = Debug|anycpu
		{7283F033-FCE5-4D1B-AA9B-303EE6F511A4}.Debug|anycpu.Build.0 = Debug|anycpu
		{7283F033-FCE5-4D1B-AA9B-303EE6F511A4}.Release|anycpu.ActiveCfg = Release|anycpu
		{7283F033-FCE5-4D1B-AA9B-303EE6F511A4}.Release|anycpu.Build.0 = Release|anycpu
	EndGlobalSection
EndGlobal
